{
  "nodes": {
    "disko": {
      "inputs": {
        "nixpkgs": [
          "nixpkgs"
        ]
      },
      "locked": {
        "lastModified": 1761899396,
        "narHash": "sha256-XOpKBp6HLzzMCbzW50TEuXN35zN5WGQREC7n34DcNMM=",
        "owner": "nix-community",
        "repo": "disko",
        "rev": "6f4cf5abbe318e4cd1e879506f6eeafd83f7b998",
        "type": "github"
      },
      "original": {
        "owner": "nix-community",
        "repo": "disko",
        "type": "github"
      }
    },
    "home-manager": {
      "inputs": {
        "nixpkgs": [
          "nixpkgs"
        ]
      },
      "locked": {
        "lastModified": 1762178366,
        "narHash": "sha256-I+8yE5HVR2SFcHnW0771psQ/zn0qVzsKHY/gUM0nEVM=",
        "owner": "nix-community",
        "repo": "home-manager",
        "rev": "8c824254b1ed9e797f6235fc3c62f365893c561a",
        "type": "github"
      },
      "original": {
        "owner": "nix-community",
        "repo": "home-manager",
        "type": "github"
      }
    },
    "nixpkgs": {
      "locked": {
        "lastModified": 1761907660,
        "narHash": "sha256-kJ8lIZsiPOmbkJypG+B5sReDXSD1KGu2VEPNqhRa/ew=",
        "owner": "nixos",
        "repo": "nixpkgs",
        "rev": "2fb006b87f04c4d3bdf08cfdbc7fab9c13d94a15",
        "type": "github"
      },
      "original": {
        "owner": "nixos",
        "ref": "nixos-unstable",
        "repo": "nixpkgs",
        "type": "github"
      }
    },
    "root": {
      "inputs": {
        "disko": "disko",
        "home-manager": "home-manager",
        "nixpkgs": "nixpkgs"
      }
    }
  },
  "root": "root",
  "version": 7
}
